
Microsoft Visual Studio Solution File, Format Version 11.00
# Visual Studio 2010
Project("{2150E333-8FDC-42A3-9474-1A3956D46DE8}") = "Node", "Node", "{0C37E328-F3AF-4AEC-8B93-34A162CCCA67}"
	ProjectSection(SolutionItems) = preProject
		Node\bisection.js = Node\bisection.js
		Node\cache.js = Node\cache.js
		Node\connection.js = Node\connection.js
		Node\hashring.js = Node\hashring.js
		Node\memcached.js = Node\memcached.js
		Node\utils.js = Node\utils.js
		Node\wcf-proxy-server.cmd = Node\wcf-proxy-server.cmd
		Node\wcf-proxy-server.js = Node\wcf-proxy-server.js
	EndProjectSection
EndProject
Project("{FAE04EC0-301F-11D3-BF4B-00C04F79EFBC}") = "WcfSampleService", "WcfSampleService\WcfSampleService.csproj", "{34B5565E-A236-4D53-A76D-3C309F499616}"
EndProject
Global
	GlobalSection(SolutionConfigurationPlatforms) = preSolution
		Debug|Any CPU = Debug|Any CPU
		Release|Any CPU = Release|Any CPU
	EndGlobalSection
	GlobalSection(ProjectConfigurationPlatforms) = postSolution
		{34B5565E-A236-4D53-A76D-3C309F499616}.Debug|Any CPU.ActiveCfg = Debug|Any CPU
		{34B5565E-A236-4D53-A76D-3C309F499616}.Debug|Any CPU.Build.0 = Debug|Any CPU
		{34B5565E-A236-4D53-A76D-3C309F499616}.Release|Any CPU.ActiveCfg = Release|Any CPU
		{34B5565E-A236-4D53-A76D-3C309F499616}.Release|Any CPU.Build.0 = Release|Any CPU
	EndGlobalSection
	GlobalSection(SolutionProperties) = preSolution
		HideSolutionNode = FALSE
	EndGlobalSection
EndGlobal
