
Microsoft Visual Studio Solution File, Format Version 11.00
# Visual Studio 2010
Project("{FAE04EC0-301F-11D3-BF4B-00C04F79EFBC}") = "DynamicSP.Data", "Data\DynamicSP.Data.csproj", "{26C50A86-C020-4C62-93FA-4FC43BBD0F65}"
EndProject
Project("{FAE04EC0-301F-11D3-BF4B-00C04F79EFBC}") = "DynamicSP.Data.SqlServer", "Data.SqlServer\DynamicSP.Data.SqlServer.csproj", "{0F359154-4BDE-4B5B-854E-6F46C7E9FB01}"
EndProject
Project("{2150E333-8FDC-42A3-9474-1A3956D46DE8}") = "Solution Items", "Solution Items", "{F9E49A8F-0418-4A82-9899-89A8C9C83AAB}"
	ProjectSection(SolutionItems) = preProject
		DynamicStoredProcedure.vsmdi = DynamicStoredProcedure.vsmdi
		Local.testsettings = Local.testsettings
		TraceAndTestImpact.testsettings = TraceAndTestImpact.testsettings
	EndProjectSection
EndProject
Project("{FAE04EC0-301F-11D3-BF4B-00C04F79EFBC}") = "DynamicSP.Sample", "Sample\DynamicSP.Sample.csproj", "{BD11EF99-3A81-49CC-A10C-A7DCE1AD6A8D}"
EndProject
Project("{FAE04EC0-301F-11D3-BF4B-00C04F79EFBC}") = "DynamicSP.Sample.Tests", "Sample.Tests\DynamicSP.Sample.Tests.csproj", "{7987BF59-7678-4E0B-959B-86E471B352F0}"
EndProject
Global
	GlobalSection(TestCaseManagementSettings) = postSolution
		CategoryFile = DynamicStoredProcedure.vsmdi
	EndGlobalSection
	GlobalSection(SolutionConfigurationPlatforms) = preSolution
		Debug|Any CPU = Debug|Any CPU
		Release|Any CPU = Release|Any CPU
	EndGlobalSection
	GlobalSection(ProjectConfigurationPlatforms) = postSolution
		{26C50A86-C020-4C62-93FA-4FC43BBD0F65}.Debug|Any CPU.ActiveCfg = Debug|Any CPU
		{26C50A86-C020-4C62-93FA-4FC43BBD0F65}.Debug|Any CPU.Build.0 = Debug|Any CPU
		{26C50A86-C020-4C62-93FA-4FC43BBD0F65}.Release|Any CPU.ActiveCfg = Release|Any CPU
		{26C50A86-C020-4C62-93FA-4FC43BBD0F65}.Release|Any CPU.Build.0 = Release|Any CPU
		{0F359154-4BDE-4B5B-854E-6F46C7E9FB01}.Debug|Any CPU.ActiveCfg = Debug|Any CPU
		{0F359154-4BDE-4B5B-854E-6F46C7E9FB01}.Debug|Any CPU.Build.0 = Debug|Any CPU
		{0F359154-4BDE-4B5B-854E-6F46C7E9FB01}.Release|Any CPU.ActiveCfg = Release|Any CPU
		{0F359154-4BDE-4B5B-854E-6F46C7E9FB01}.Release|Any CPU.Build.0 = Release|Any CPU
		{BD11EF99-3A81-49CC-A10C-A7DCE1AD6A8D}.Debug|Any CPU.ActiveCfg = Debug|Any CPU
		{BD11EF99-3A81-49CC-A10C-A7DCE1AD6A8D}.Debug|Any CPU.Build.0 = Debug|Any CPU
		{BD11EF99-3A81-49CC-A10C-A7DCE1AD6A8D}.Release|Any CPU.ActiveCfg = Release|Any CPU
		{BD11EF99-3A81-49CC-A10C-A7DCE1AD6A8D}.Release|Any CPU.Build.0 = Release|Any CPU
		{7987BF59-7678-4E0B-959B-86E471B352F0}.Debug|Any CPU.ActiveCfg = Debug|Any CPU
		{7987BF59-7678-4E0B-959B-86E471B352F0}.Debug|Any CPU.Build.0 = Debug|Any CPU
		{7987BF59-7678-4E0B-959B-86E471B352F0}.Release|Any CPU.ActiveCfg = Release|Any CPU
		{7987BF59-7678-4E0B-959B-86E471B352F0}.Release|Any CPU.Build.0 = Release|Any CPU
	EndGlobalSection
	GlobalSection(SolutionProperties) = preSolution
		HideSolutionNode = FALSE
	EndGlobalSection
EndGlobal
